
Microsoft Visual Studio Solution File, Format Version 12.00
# Visual Studio 2012
Project("{FAE04EC0-301F-11D3-BF4B-00C04F79EFBC}") = "paceprogram", "paceprogram\paceprogram.csproj", "{B8C018B5-98CA-4965-90D0-C3A51D7101AA}"
EndProject
Global
	GlobalSection(SolutionConfigurationPlatforms) = preSolution
		Debug|Any CPU = Debug|Any CPU
		Release|Any CPU = Release|Any CPU
	EndGlobalSection
	GlobalSection(ProjectConfigurationPlatforms) = postSolution
		{B8C018B5-98CA-4965-90D0-C3A51D7101AA}.Debug|Any CPU.ActiveCfg = Debug|Any CPU
		{B8C018B5-98CA-4965-90D0-C3A51D7101AA}.Debug|Any CPU.Build.0 = Debug|Any CPU
		{B8C018B5-98CA-4965-90D0-C3A51D7101AA}.Release|Any CPU.ActiveCfg = Release|Any CPU
		{B8C018B5-98CA-4965-90D0-C3A51D7101AA}.Release|Any CPU.Build.0 = Release|Any CPU
	EndGlobalSection
	GlobalSection(SolutionProperties) = preSolution
		HideSolutionNode = FALSE
	EndGlobalSection
EndGlobal
